{
  "name": "frida-itrace",
  "version": "4.0.1",
  "lockfileVersion": 2,
  "requires": true,
  "packages": {
    "": {
      "name": "frida-itrace",
      "version": "4.0.1",
      "license": "MIT",
      "dependencies": {
        "tiny-typed-emitter": "^2.1.0"
      },
      "devDependencies": {
        "@types/frida-gum": "^19.0.0",
        "@types/node": "^18.19.111",
        "typescript": "^5.8.3"
      }
    },
    "node_modules/@types/frida-gum": {
      "version": "19.0.0",
      "resolved": "https://registry.npmjs.org/@types/frida-gum/-/frida-gum-19.0.0.tgz",
      "integrity": "sha512-qViK1KwvPEAkajwSUv0wpZvZLiX8xO4JFFCh8dfYZfzSyOEfoE0KliCP/nJSKIKG6N3hXnPowrvPufjs5fLKAA==",
      "dev": true,
      "license": "MIT"
    },
    "node_modules/@types/node": {
      "version": "18.19.111",
      "resolved": "https://registry.npmjs.org/@types/node/-/node-18.19.111.tgz",
      "integrity": "sha512-90sGdgA+QLJr1F9X79tQuEut0gEYIfkX9pydI4XGRgvFo9g2JWswefI+WUSUHPYVBHYSEfTEqBxA5hQvAZB3Mw==",
      "dev": true,
      "license": "MIT",
      "dependencies": {
        "undici-types": "~5.26.4"
      }
    },
    "node_modules/tiny-typed-emitter": {
      "version": "2.1.0",
      "resolved": "https://registry.npmjs.org/tiny-typed-emitter/-/tiny-typed-emitter-2.1.0.tgz",
      "integrity": "sha512-qVtvMxeXbVej0cQWKqVSSAHmKZEHAvxdF8HEUBFWts8h+xEo5m/lEiPakuyZ3BnCBjOD8i24kzNOiOLLgsSxhA=="
    },
    "node_modules/typescript": {
      "version": "5.8.3",
      "resolved": "https://registry.npmjs.org/typescript/-/typescript-5.8.3.tgz",
      "integrity": "sha512-p1diW6TqL9L07nNxvRMM7hMMw4c5XOo/1ibL4aAIGmSAt9slTE1Xgw5KWuof2uTOvCg9BY7ZRi+GaF+7sfgPeQ==",
      "dev": true,
      "license": "Apache-2.0",
      "bin": {
        "tsc": "bin/tsc",
        "tsserver": "bin/tsserver"
      },
      "engines": {
        "node": ">=14.17"
      }
    },
    "node_modules/undici-types": {
      "version": "5.26.5",
      "resolved": "https://registry.npmjs.org/undici-types/-/undici-types-5.26.5.tgz",
      "integrity": "sha512-JlCMO+ehdEIKqlFxk6IfVoAUVmgz7cU7zD/h9XZ0qzeosSHmUJVOzSQvvYSYWXkFXC+IfLKSIffhv0sVZup6pA==",
      "dev": true,
      "license": "MIT"
    }
  },
  "dependencies": {
    "@types/frida-gum": {
      "version": "19.0.0",
      "resolved": "https://registry.npmjs.org/@types/frida-gum/-/frida-gum-19.0.0.tgz",
      "integrity": "sha512-qViK1KwvPEAkajwSUv0wpZvZLiX8xO4JFFCh8dfYZfzSyOEfoE0KliCP/nJSKIKG6N3hXnPowrvPufjs5fLKAA==",
      "dev": true
    },
    "@types/node": {
      "version": "18.19.111",
      "resolved": "https://registry.npmjs.org/@types/node/-/node-18.19.111.tgz",
      "integrity": "sha512-90sGdgA+QLJr1F9X79tQuEut0gEYIfkX9pydI4XGRgvFo9g2JWswefI+WUSUHPYVBHYSEfTEqBxA5hQvAZB3Mw==",
      "dev": true,
      "requires": {
        "undici-types": "~5.26.4"
      }
    },
    "tiny-typed-emitter": {
      "version": "2.1.0",
      "resolved": "https://registry.npmjs.org/tiny-typed-emitter/-/tiny-typed-emitter-2.1.0.tgz",
      "integrity": "sha512-qVtvMxeXbVej0cQWKqVSSAHmKZEHAvxdF8HEUBFWts8h+xEo5m/lEiPakuyZ3BnCBjOD8i24kzNOiOLLgsSxhA=="
    },
    "typescript": {
      "version": "5.8.3",
      "resolved": "https://registry.npmjs.org/typescript/-/typescript-5.8.3.tgz",
      "integrity": "sha512-p1diW6TqL9L07nNxvRMM7hMMw4c5XOo/1ibL4aAIGmSAt9slTE1Xgw5KWuof2uTOvCg9BY7ZRi+GaF+7sfgPeQ==",
      "dev": true
    },
    "undici-types": {
      "version": "5.26.5",
      "resolved": "https://registry.npmjs.org/undici-types/-/undici-types-5.26.5.tgz",
      "integrity": "sha512-JlCMO+ehdEIKqlFxk6IfVoAUVmgz7cU7zD/h9XZ0qzeosSHmUJVOzSQvvYSYWXkFXC+IfLKSIffhv0sVZup6pA==",
      "dev": true
    }
  }
}
